// !$*UTF8*$!
{
	archiveVersion = 1;
	classes = {
	};
	objectVersion = 56;
	objects = {

/* Begin PBXBuildFile section */
		B57C3B122A77640C0062721C /* SUnitTestAutomationApp.swift in Sources */ = {isa = PBXBuildFile; fileRef = B57C3B112A77640C0062721C /* SUnitTestAutomationApp.swift */; };
		B57C3B142A77640C0062721C /* ToDoListView.swift in Sources */ = {isa = PBXBuildFile; fileRef = B57C3B132A77640C0062721C /* ToDoListView.swift */; };
		B57C3B162A77640D0062721C /* Assets.xcassets in Resources */ = {isa = PBXBuildFile; fileRef = B57C3B152A77640D0062721C /* Assets.xcassets */; };
		B57C3B192A77640D0062721C /* Preview Assets.xcassets in Resources */ = {isa = PBXBuildFile; fileRef = B57C3B182A77640D0062721C /* Preview Assets.xcassets */; };
		B57C3B3C2A776B9C0062721C /* TodoListViewModel.swift in Sources */ = {isa = PBXBuildFile; fileRef = B57C3B3B2A776B9C0062721C /* TodoListViewModel.swift */; };
		B57C3B3E2A776BD80062721C /* TodoModel.swift in Sources */ = {isa = PBXBuildFile; fileRef = B57C3B3D2A776BD80062721C /* TodoModel.swift */; };
		B57C3B402A776BEE0062721C /* TodosProvider.swift in Sources */ = {isa = PBXBuildFile; fileRef = B57C3B3F2A776BEE0062721C /* TodosProvider.swift */; };
		B57C3B472A776EDC0062721C /* TodosProviderTests.swift in Sources */ = {isa = PBXBuildFile; fileRef = B57C3B462A776EDC0062721C /* TodosProviderTests.swift */; };
/* End PBXBuildFile section */

/* Begin PBXContainerItemProxy section */
		B57C3B1F2A77640D0062721C /* PBXContainerItemProxy */ = {
			isa = PBXContainerItemProxy;
			containerPortal = B57C3B062A77640C0062721C /* Project object */;
			proxyType = 1;
			remoteGlobalIDString = B57C3B0D2A77640C0062721C;
			remoteInfo = SUnitTestAutomation;
		};
/* End PBXContainerItemProxy section */

/* Begin PBXFileReference section */
		B57C3B0E2A77640C0062721C /* SUnitTestAutomation.app */ = {isa = PBXFileReference; explicitFileType = wrapper.application; includeInIndex = 0; path = SUnitTestAutomation.app; sourceTree = BUILT_PRODUCTS_DIR; };
		B57C3B112A77640C0062721C /* SUnitTestAutomationApp.swift */ = {isa = PBXFileReference; lastKnownFileType = sourcecode.swift; path = SUnitTestAutomationApp.swift; sourceTree = "<group>"; };
		B57C3B132A77640C0062721C /* ToDoListView.swift */ = {isa = PBXFileReference; lastKnownFileType = sourcecode.swift; path = ToDoListView.swift; sourceTree = "<group>"; };
		B57C3B152A77640D0062721C /* Assets.xcassets */ = {isa = PBXFileReference; lastKnownFileType = folder.assetcatalog; path = Assets.xcassets; sourceTree = "<group>"; };
		B57C3B182A77640D0062721C /* Preview Assets.xcassets */ = {isa = PBXFileReference; lastKnownFileType = folder.assetcatalog; path = "Preview Assets.xcassets"; sourceTree = "<group>"; };
		B57C3B1E2A77640D0062721C /* SUnitTestAutomationTests.xctest */ = {isa = PBXFileReference; explicitFileType = wrapper.cfbundle; includeInIndex = 0; path = SUnitTestAutomationTests.xctest; sourceTree = BUILT_PRODUCTS_DIR; };
		B57C3B3B2A776B9C0062721C /* TodoListViewModel.swift */ = {isa = PBXFileReference; lastKnownFileType = sourcecode.swift; path = TodoListViewModel.swift; sourceTree = "<group>"; };
		B57C3B3D2A776BD80062721C /* TodoModel.swift */ = {isa = PBXFileReference; lastKnownFileType = sourcecode.swift; path = TodoModel.swift; sourceTree = "<group>"; };
		B57C3B3F2A776BEE0062721C /* TodosProvider.swift */ = {isa = PBXFileReference; lastKnownFileType = sourcecode.swift; path = TodosProvider.swift; sourceTree = "<group>"; };
		B57C3B462A776EDC0062721C /* TodosProviderTests.swift */ = {isa = PBXFileReference; lastKnownFileType = sourcecode.swift; path = TodosProviderTests.swift; sourceTree = "<group>"; };
		B57C3B7E2A778D0D0062721C /* SUnitTestAutomation.xctestplan */ = {isa = PBXFileReference; lastKnownFileType = text; path = SUnitTestAutomation.xctestplan; sourceTree = "<group>"; };
/* End PBXFileReference section */

/* Begin PBXFrameworksBuildPhase section */
		B57C3B0B2A77640C0062721C /* Frameworks */ = {
			isa = PBXFrameworksBuildPhase;
			buildActionMask = 2147483647;
			files = (
			);
			runOnlyForDeploymentPostprocessing = 0;
		};
		B57C3B1B2A77640D0062721C /* Frameworks */ = {
			isa = PBXFrameworksBuildPhase;
			buildActionMask = 2147483647;
			files = (
			);
			runOnlyForDeploymentPostprocessing = 0;
		};
/* End PBXFrameworksBuildPhase section */

/* Begin PBXGroup section */
		B57C3B052A77640C0062721C = {
			isa = PBXGroup;
			children = (
				B57C3B7E2A778D0D0062721C /* SUnitTestAutomation.xctestplan */,
				B57C3B102A77640C0062721C /* SUnitTestAutomation */,
				B57C3B212A77640D0062721C /* SUnitTestAutomationTests */,
				B57C3B0F2A77640C0062721C /* Products */,
			);
			sourceTree = "<group>";
		};
		B57C3B0F2A77640C0062721C /* Products */ = {
			isa = PBXGroup;
			children = (
				B57C3B0E2A77640C0062721C /* SUnitTestAutomation.app */,
				B57C3B1E2A77640D0062721C /* SUnitTestAutomationTests.xctest */,
			);
			name = Products;
			sourceTree = "<group>";
		};
		B57C3B102A77640C0062721C /* SUnitTestAutomation */ = {
			isa = PBXGroup;
			children = (
				B57C3B112A77640C0062721C /* SUnitTestAutomationApp.swift */,
				B57C3B422A776E5D0062721C /* View */,
				B57C3B432A776E6D0062721C /* ViewModel */,
				B57C3B442A776E7B0062721C /* Model */,
				B57C3B412A776E0A0062721C /* ProviderLayer */,
				B57C3B152A77640D0062721C /* Assets.xcassets */,
				B57C3B172A77640D0062721C /* Preview Content */,
			);
			path = SUnitTestAutomation;
			sourceTree = "<group>";
		};
		B57C3B172A77640D0062721C /* Preview Content */ = {
			isa = PBXGroup;
			children = (
				B57C3B182A77640D0062721C /* Preview Assets.xcassets */,
			);
			path = "Preview Content";
			sourceTree = "<group>";
		};
		B57C3B212A77640D0062721C /* SUnitTestAutomationTests */ = {
			isa = PBXGroup;
			children = (
				B57C3B452A776E990062721C /* ProviderLayerTests */,
			);
			path = SUnitTestAutomationTests;
			sourceTree = "<group>";
		};
		B57C3B412A776E0A0062721C /* ProviderLayer */ = {
			isa = PBXGroup;
			children = (
				B57C3B3F2A776BEE0062721C /* TodosProvider.swift */,
			);
			path = ProviderLayer;
			sourceTree = "<group>";
		};
		B57C3B422A776E5D0062721C /* View */ = {
			isa = PBXGroup;
			children = (
				B57C3B132A77640C0062721C /* ToDoListView.swift */,
			);
			path = View;
			sourceTree = "<group>";
		};
		B57C3B432A776E6D0062721C /* ViewModel */ = {
			isa = PBXGroup;
			children = (
				B57C3B3B2A776B9C0062721C /* TodoListViewModel.swift */,
			);
			path = ViewModel;
			sourceTree = "<group>";
		};
		B57C3B442A776E7B0062721C /* Model */ = {
			isa = PBXGroup;
			children = (
				B57C3B3D2A776BD80062721C /* TodoModel.swift */,
			);
			path = Model;
			sourceTree = "<group>";
		};
		B57C3B452A776E990062721C /* ProviderLayerTests */ = {
			isa = PBXGroup;
			children = (
				B57C3B462A776EDC0062721C /* TodosProviderTests.swift */,
			);
			path = ProviderLayerTests;
			sourceTree = "<group>";
		};
/* End PBXGroup section */

/* Begin PBXNativeTarget section */
		B57C3B0D2A77640C0062721C /* SUnitTestAutomation */ = {
			isa = PBXNativeTarget;
			buildConfigurationList = B57C3B322A77640E0062721C /* Build configuration list for PBXNativeTarget "SUnitTestAutomation" */;
			buildPhases = (
				B57C3B0A2A77640C0062721C /* Sources */,
				B57C3B0B2A77640C0062721C /* Frameworks */,
				B57C3B0C2A77640C0062721C /* Resources */,
			);
			buildRules = (
			);
			dependencies = (
			);
			name = SUnitTestAutomation;
			productName = SUnitTestAutomation;
			productReference = B57C3B0E2A77640C0062721C /* SUnitTestAutomation.app */;
			productType = "com.apple.product-type.application";
		};
		B57C3B1D2A77640D0062721C /* SUnitTestAutomationTests */ = {
			isa = PBXNativeTarget;
			buildConfigurationList = B57C3B352A77640E0062721C /* Build configuration list for PBXNativeTarget "SUnitTestAutomationTests" */;
			buildPhases = (
				B57C3B1A2A77640D0062721C /* Sources */,
				B57C3B1B2A77640D0062721C /* Frameworks */,
				B57C3B1C2A77640D0062721C /* Resources */,
			);
			buildRules = (
			);
			dependencies = (
				B57C3B202A77640D0062721C /* PBXTargetDependency */,
			);
			name = SUnitTestAutomationTests;
			productName = SUnitTestAutomationTests;
			productReference = B57C3B1E2A77640D0062721C /* SUnitTestAutomationTests.xctest */;
			productType = "com.apple.product-type.bundle.unit-test";
		};
/* End PBXNativeTarget section */

/* Begin PBXProject section */
		B57C3B062A77640C0062721C /* Project object */ = {
			isa = PBXProject;
			attributes = {
				BuildIndependentTargetsInParallel = 1;
				LastSwiftUpdateCheck = 1430;
				LastUpgradeCheck = 1430;
				TargetAttributes = {
					B57C3B0D2A77640C0062721C = {
						CreatedOnToolsVersion = 14.3.1;
					};
					B57C3B1D2A77640D0062721C = {
						CreatedOnToolsVersion = 14.3.1;
						TestTargetID = B57C3B0D2A77640C0062721C;
					};
				};
			};
			buildConfigurationList = B57C3B092A77640C0062721C /* Build configuration list for PBXProject "SUnitTestAutomation" */;
			compatibilityVersion = "Xcode 14.0";
			developmentRegion = en;
			hasScannedForEncodings = 0;
			knownRegions = (
				en,
				Base,
			);
			mainGroup = B57C3B052A77640C0062721C;
			productRefGroup = B57C3B0F2A77640C0062721C /* Products */;
			projectDirPath = "";
			projectRoot = "";
			targets = (
				B57C3B0D2A77640C0062721C /* SUnitTestAutomation */,
				B57C3B1D2A77640D0062721C /* SUnitTestAutomationTests */,
			);
		};
/* End PBXProject section */

/* Begin PBXResourcesBuildPhase section */
		B57C3B0C2A77640C0062721C /* Resources */ = {
			isa = PBXResourcesBuildPhase;
			buildActionMask = 2147483647;
			files = (
				B57C3B192A77640D0062721C /* Preview Assets.xcassets in Resources */,
				B57C3B162A77640D0062721C /* Assets.xcassets in Resources */,
			);
			runOnlyForDeploymentPostprocessing = 0;
		};
		B57C3B1C2A77640D0062721C /* Resources */ = {
			isa = PBXResourcesBuildPhase;
			buildActionMask = 2147483647;
			files = (
			);
			runOnlyForDeploymentPostprocessing = 0;
		};
/* End PBXResourcesBuildPhase section */

/* Begin PBXSourcesBuildPhase section */
		B57C3B0A2A77640C0062721C /* Sources */ = {
			isa = PBXSourcesBuildPhase;
			buildActionMask = 2147483647;
			files = (
				B57C3B142A77640C0062721C /* ToDoListView.swift in Sources */,
				B57C3B3E2A776BD80062721C /* TodoModel.swift in Sources */,
				B57C3B3C2A776B9C0062721C /* TodoListViewModel.swift in Sources */,
				B57C3B402A776BEE0062721C /* TodosProvider.swift in Sources */,
				B57C3B122A77640C0062721C /* SUnitTestAutomationApp.swift in Sources */,
			);
			runOnlyForDeploymentPostprocessing = 0;
		};
		B57C3B1A2A77640D0062721C /* Sources */ = {
			isa = PBXSourcesBuildPhase;
			buildActionMask = 2147483647;
			files = (
				B57C3B472A776EDC0062721C /* TodosProviderTests.swift in Sources */,
			);
			runOnlyForDeploymentPostprocessing = 0;
		};
/* End PBXSourcesBuildPhase section */

/* Begin PBXTargetDependency section */
		B57C3B202A77640D0062721C /* PBXTargetDependency */ = {
			isa = PBXTargetDependency;
			target = B57C3B0D2A77640C0062721C /* SUnitTestAutomation */;
			targetProxy = B57C3B1F2A77640D0062721C /* PBXContainerItemProxy */;
		};
/* End PBXTargetDependency section */

/* Begin XCBuildConfiguration section */
		B57C3B302A77640E0062721C /* Debug */ = {
			isa = XCBuildConfiguration;
			buildSettings = {
				ALWAYS_SEARCH_USER_PATHS = NO;
				CLANG_ANALYZER_NONNULL = YES;
				CLANG_ANALYZER_NUMBER_OBJECT_CONVERSION = YES_AGGRESSIVE;
				CLANG_CXX_LANGUAGE_STANDARD = "gnu++20";
				CLANG_ENABLE_MODULES = YES;
				CLANG_ENABLE_OBJC_ARC = YES;
				CLANG_ENABLE_OBJC_WEAK = YES;
				CLANG_WARN_BLOCK_CAPTURE_AUTORELEASING = YES;
				CLANG_WARN_BOOL_CONVERSION = YES;
				CLANG_WARN_COMMA = YES;
				CLANG_WARN_CONSTANT_CONVERSION = YES;
				CLANG_WARN_DEPRECATED_OBJC_IMPLEMENTATIONS = YES;
				CLANG_WARN_DIRECT_OBJC_ISA_USAGE = YES_ERROR;
				CLANG_WARN_DOCUMENTATION_COMMENTS = YES;
				CLANG_WARN_EMPTY_BODY = YES;
				CLANG_WARN_ENUM_CONVERSION = YES;
				CLANG_WARN_INFINITE_RECURSION = YES;
				CLANG_WARN_INT_CONVERSION = YES;
				CLANG_WARN_NON_LITERAL_NULL_CONVERSION = YES;
				CLANG_WARN_OBJC_IMPLICIT_RETAIN_SELF = YES;
				CLANG_WARN_OBJC_LITERAL_CONVERSION = YES;
				CLANG_WARN_OBJC_ROOT_CLASS = YES_ERROR;
				CLANG_WARN_QUOTED_INCLUDE_IN_FRAMEWORK_HEADER = YES;
				CLANG_WARN_RANGE_LOOP_ANALYSIS = YES;
				CLANG_WARN_STRICT_PROTOTYPES = YES;
				CLANG_WARN_SUSPICIOUS_MOVE = YES;
				CLANG_WARN_UNGUARDED_AVAILABILITY = YES_AGGRESSIVE;
				CLANG_WARN_UNREACHABLE_CODE = YES;
				CLANG_WARN__DUPLICATE_METHOD_MATCH = YES;
				COPY_PHASE_STRIP = NO;
				DEBUG_INFORMATION_FORMAT = dwarf;
				ENABLE_STRICT_OBJC_MSGSEND = YES;
				ENABLE_TESTABILITY = YES;
				GCC_C_LANGUAGE_STANDARD = gnu11;
				GCC_DYNAMIC_NO_PIC = NO;
				GCC_NO_COMMON_BLOCKS = YES;
				GCC_OPTIMIZATION_LEVEL = 0;
				GCC_PREPROCESSOR_DEFINITIONS = (
					"DEBUG=1",
					"$(inherited)",
				);
				GCC_WARN_64_TO_32_BIT_CONVERSION = YES;
				GCC_WARN_ABOUT_RETURN_TYPE = YES_ERROR;
				GCC_WARN_UNDECLARED_SELECTOR = YES;
				GCC_WARN_UNINITIALIZED_AUTOS = YES_AGGRESSIVE;
				GCC_WARN_UNUSED_FUNCTION = YES;
				GCC_WARN_UNUSED_VARIABLE = YES;
				IPHONEOS_DEPLOYMENT_TARGET = 16.4;
				MTL_ENABLE_DEBUG_INFO = INCLUDE_SOURCE;
				MTL_FAST_MATH = YES;
				ONLY_ACTIVE_ARCH = YES;
				SDKROOT = iphoneos;
				SWIFT_ACTIVE_COMPILATION_CONDITIONS = DEBUG;
				SWIFT_OPTIMIZATION_LEVEL = "-Onone";
			};
			name = Debug;
		};
		B57C3B312A77640E0062721C /* Release */ = {
			isa = XCBuildConfiguration;
			buildSettings = {
				ALWAYS_SEARCH_USER_PATHS = NO;
				CLANG_ANALYZER_NONNULL = YES;
				CLANG_ANALYZER_NUMBER_OBJECT_CONVERSION = YES_AGGRESSIVE;
				CLANG_CXX_LANGUAGE_STANDARD = "gnu++20";
				CLANG_ENABLE_MODULES = YES;
				CLANG_ENABLE_OBJC_ARC = YES;
				CLANG_ENABLE_OBJC_WEAK = YES;
				CLANG_WARN_BLOCK_CAPTURE_AUTORELEASING = YES;
				CLANG_WARN_BOOL_CONVERSION = YES;
				CLANG_WARN_COMMA = YES;
				CLANG_WARN_CONSTANT_CONVERSION = YES;
				CLANG_WARN_DEPRECATED_OBJC_IMPLEMENTATIONS = YES;
				CLANG_WARN_DIRECT_OBJC_ISA_USAGE = YES_ERROR;
				CLANG_WARN_DOCUMENTATION_COMMENTS = YES;
				CLANG_WARN_EMPTY_BODY = YES;
				CLANG_WARN_ENUM_CONVERSION = YES;
				CLANG_WARN_INFINITE_RECURSION = YES;
				CLANG_WARN_INT_CONVERSION = YES;
				CLANG_WARN_NON_LITERAL_NULL_CONVERSION = YES;
				CLANG_WARN_OBJC_IMPLICIT_RETAIN_SELF = YES;
				CLANG_WARN_OBJC_LITERAL_CONVERSION = YES;
				CLANG_WARN_OBJC_ROOT_CLASS = YES_ERROR;
				CLANG_WARN_QUOTED_INCLUDE_IN_FRAMEWORK_HEADER = YES;
				CLANG_WARN_RANGE_LOOP_ANALYSIS = YES;
				CLANG_WARN_STRICT_PROTOTYPES = YES;
				CLANG_WARN_SUSPICIOUS_MOVE = YES;
				CLANG_WARN_UNGUARDED_AVAILABILITY = YES_AGGRESSIVE;
				CLANG_WARN_UNREACHABLE_CODE = YES;
				CLANG_WARN__DUPLICATE_METHOD_MATCH = YES;
				COPY_PHASE_STRIP = NO;
				DEBUG_INFORMATION_FORMAT = "dwarf-with-dsym";
				ENABLE_NS_ASSERTIONS = NO;
				ENABLE_STRICT_OBJC_MSGSEND = YES;
				GCC_C_LANGUAGE_STANDARD = gnu11;
				GCC_NO_COMMON_BLOCKS = YES;
				GCC_WARN_64_TO_32_BIT_CONVERSION = YES;
				GCC_WARN_ABOUT_RETURN_TYPE = YES_ERROR;
				GCC_WARN_UNDECLARED_SELECTOR = YES;
				GCC_WARN_UNINITIALIZED_AUTOS = YES_AGGRESSIVE;
				GCC_WARN_UNUSED_FUNCTION = YES;
				GCC_WARN_UNUSED_VARIABLE = YES;
				IPHONEOS_DEPLOYMENT_TARGET = 16.4;
				MTL_ENABLE_DEBUG_INFO = NO;
				MTL_FAST_MATH = YES;
				SDKROOT = iphoneos;
				SWIFT_COMPILATION_MODE = wholemodule;
				SWIFT_OPTIMIZATION_LEVEL = "-O";
				VALIDATE_PRODUCT = YES;
			};
			name = Release;
		};
		B57C3B332A77640E0062721C /* Debug */ = {
			isa = XCBuildConfiguration;
			buildSettings = {
				ASSETCATALOG_COMPILER_APPICON_NAME = AppIcon;
				ASSETCATALOG_COMPILER_GLOBAL_ACCENT_COLOR_NAME = AccentColor;
				CODE_SIGN_STYLE = Automatic;
				CURRENT_PROJECT_VERSION = 1;
				DEVELOPMENT_ASSET_PATHS = "\"SUnitTestAutomation/Preview Content\"";
				ENABLE_PREVIEWS = YES;
				GENERATE_INFOPLIST_FILE = YES;
				INFOPLIST_KEY_UIApplicationSceneManifest_Generation = YES;
				INFOPLIST_KEY_UIApplicationSupportsIndirectInputEvents = YES;
				INFOPLIST_KEY_UILaunchScreen_Generation = YES;
				INFOPLIST_KEY_UISupportedInterfaceOrientations_iPad = "UIInterfaceOrientationPortrait UIInterfaceOrientationPortraitUpsideDown UIInterfaceOrientationLandscapeLeft UIInterfaceOrientationLandscapeRight";
				INFOPLIST_KEY_UISupportedInterfaceOrientations_iPhone = "UIInterfaceOrientationPortrait UIInterfaceOrientationLandscapeLeft UIInterfaceOrientationLandscapeRight";
				LD_RUNPATH_SEARCH_PATHS = (
					"$(inherited)",
					"@executable_path/Frameworks",
				);
				MARKETING_VERSION = 1.0;
				PRODUCT_BUNDLE_IDENTIFIER = com.KMMLearning.SUnitTestAutomation;
				PRODUCT_NAME = "$(TARGET_NAME)";
				SWIFT_EMIT_LOC_STRINGS = YES;
				SWIFT_VERSION = 5.0;
				TARGETED_DEVICE_FAMILY = "1,2";
			};
			name = Debug;
		};
		B57C3B342A77640E0062721C /* Release */ = {
			isa = XCBuildConfiguration;
			buildSettings = {
				ASSETCATALOG_COMPILER_APPICON_NAME = AppIcon;
				ASSETCATALOG_COMPILER_GLOBAL_ACCENT_COLOR_NAME = AccentColor;
				CODE_SIGN_STYLE = Automatic;
				CURRENT_PROJECT_VERSION = 1;
				DEVELOPMENT_ASSET_PATHS = "\"SUnitTestAutomation/Preview Content\"";
				ENABLE_PREVIEWS = YES;
				GENERATE_INFOPLIST_FILE = YES;
				INFOPLIST_KEY_UIApplicationSceneManifest_Generation = YES;
				INFOPLIST_KEY_UIApplicationSupportsIndirectInputEvents = YES;
				INFOPLIST_KEY_UILaunchScreen_Generation = YES;
				INFOPLIST_KEY_UISupportedInterfaceOrientations_iPad = "UIInterfaceOrientationPortrait UIInterfaceOrientationPortraitUpsideDown UIInterfaceOrientationLandscapeLeft UIInterfaceOrientationLandscapeRight";
				INFOPLIST_KEY_UISupportedInterfaceOrientations_iPhone = "UIInterfaceOrientationPortrait UIInterfaceOrientationLandscapeLeft UIInterfaceOrientationLandscapeRight";
				LD_RUNPATH_SEARCH_PATHS = (
					"$(inherited)",
					"@executable_path/Frameworks",
				);
				MARKETING_VERSION = 1.0;
				PRODUCT_BUNDLE_IDENTIFIER = com.KMMLearning.SUnitTestAutomation;
				PRODUCT_NAME = "$(TARGET_NAME)";
				SWIFT_EMIT_LOC_STRINGS = YES;
				SWIFT_VERSION = 5.0;
				TARGETED_DEVICE_FAMILY = "1,2";
			};
			name = Release;
		};
		B57C3B362A77640E0062721C /* Debug */ = {
			isa = XCBuildConfiguration;
			buildSettings = {
				ALWAYS_EMBED_SWIFT_STANDARD_LIBRARIES = YES;
				BUNDLE_LOADER = "$(TEST_HOST)";
				CODE_SIGN_STYLE = Automatic;
				CURRENT_PROJECT_VERSION = 1;
				GENERATE_INFOPLIST_FILE = YES;
				IPHONEOS_DEPLOYMENT_TARGET = 16.4;
				MARKETING_VERSION = 1.0;
				PRODUCT_BUNDLE_IDENTIFIER = com.KMMLearning.SUnitTestAutomationTests;
				PRODUCT_NAME = "$(TARGET_NAME)";
				SWIFT_EMIT_LOC_STRINGS = NO;
				SWIFT_VERSION = 5.0;
				TARGETED_DEVICE_FAMILY = "1,2";
				TEST_HOST = "$(BUILT_PRODUCTS_DIR)/SUnitTestAutomation.app/$(BUNDLE_EXECUTABLE_FOLDER_PATH)/SUnitTestAutomation";
			};
			name = Debug;
		};
		B57C3B372A77640E0062721C /* Release */ = {
			isa = XCBuildConfiguration;
			buildSettings = {
				ALWAYS_EMBED_SWIFT_STANDARD_LIBRARIES = YES;
				BUNDLE_LOADER = "$(TEST_HOST)";
				CODE_SIGN_STYLE = Automatic;
				CURRENT_PROJECT_VERSION = 1;
				GENERATE_INFOPLIST_FILE = YES;
				IPHONEOS_DEPLOYMENT_TARGET = 16.4;
				MARKETING_VERSION = 1.0;
				PRODUCT_BUNDLE_IDENTIFIER = com.KMMLearning.SUnitTestAutomationTests;
				PRODUCT_NAME = "$(TARGET_NAME)";
				SWIFT_EMIT_LOC_STRINGS = NO;
				SWIFT_VERSION = 5.0;
				TARGETED_DEVICE_FAMILY = "1,2";
				TEST_HOST = "$(BUILT_PRODUCTS_DIR)/SUnitTestAutomation.app/$(BUNDLE_EXECUTABLE_FOLDER_PATH)/SUnitTestAutomation";
			};
			name = Release;
		};
/* End XCBuildConfiguration section */

/* Begin XCConfigurationList section */
		B57C3B092A77640C0062721C /* Build configuration list for PBXProject "SUnitTestAutomation" */ = {
			isa = XCConfigurationList;
			buildConfigurations = (
				B57C3B302A77640E0062721C /* Debug */,
				B57C3B312A77640E0062721C /* Release */,
			);
			defaultConfigurationIsVisible = 0;
			defaultConfigurationName = Release;
		};
		B57C3B322A77640E0062721C /* Build configuration list for PBXNativeTarget "SUnitTestAutomation" */ = {
			isa = XCConfigurationList;
			buildConfigurations = (
				B57C3B332A77640E0062721C /* Debug */,
				B57C3B342A77640E0062721C /* Release */,
			);
			defaultConfigurationIsVisible = 0;
			defaultConfigurationName = Release;
		};
		B57C3B352A77640E0062721C /* Build configuration list for PBXNativeTarget "SUnitTestAutomationTests" */ = {
			isa = XCConfigurationList;
			buildConfigurations = (
				B57C3B362A77640E0062721C /* Debug */,
				B57C3B372A77640E0062721C /* Release */,
			);
			defaultConfigurationIsVisible = 0;
			defaultConfigurationName = Release;
		};
/* End XCConfigurationList section */
	};
	rootObject = B57C3B062A77640C0062721C /* Project object */;
}
